<?xml version="1.0" encoding="UTF-8" standalone="yes" ?>
<CodeBlocks_project_file>
	<FileVersion major="1" minor="6" />
	<Project>
		<Option title="PractiseDT" />
		<Option pch_mode="2" />
		<Option compiler="gcc" />
		<Build>
			<Target title="Debug">
				<Option output="bin/Debug/PractiseDT" prefix_auto="1" extension_auto="1" />
				<Option object_output="obj/Debug/" />
				<Option type="1" />
				<Option compiler="gcc" />
				<Compiler>
					<Add option="-g" />
				</Compiler>
			</Target>
			<Target title="Release">
				<Option output="bin/Release/PractiseDT" prefix_auto="1" extension_auto="1" />
				<Option object_output="obj/Release/" />
				<Option type="1" />
				<Option compiler="gcc" />
				<Compiler>
					<Add option="-O2" />
				</Compiler>
				<Linker>
					<Add option="-s" />
				</Linker>
			</Target>
		</Build>
		<Compiler>
			<Add option="-Wall" />
		</Compiler>
		<Unit filename="BInsertSort.c">
			<Option compilerVar="CC" />
		</Unit>
		<Unit filename="BubbleSort.c">
			<Option compilerVar="CC" />
		</Unit>
		<Unit filename="DaysBetweenTwoDates.c">
			<Option compilerVar="CC" />
		</Unit>
		<Unit filename="HeapSort.c">
			<Option compilerVar="CC" />
		</Unit>
		<Unit filename="Imidtravel.c">
			<Option compilerVar="CC" />
		</Unit>
		<Unit filename="Kuohao.c">
			<Option compilerVar="CC" />
		</Unit>
		<Unit filename="ListInsert.c">
			<Option compilerVar="CC" />
		</Unit>
		<Unit filename="MSort.c">
			<Option compilerVar="CC" />
		</Unit>
		<Unit filename="Midtraverse.c">
			<Option compilerVar="CC" />
		</Unit>
		<Unit filename="Prstar.c">
			<Option compilerVar="CC" />
		</Unit>
		<Unit filename="QuickSort.c">
			<Option compilerVar="CC" />
		</Unit>
		<Unit filename="SearchBST.c">
			<Option compilerVar="CC" />
		</Unit>
		<Unit filename="SearchBin.c">
			<Option compilerVar="CC" />
		</Unit>
		<Unit filename="SearchBlock.c">
			<Option compilerVar="CC" />
		</Unit>
		<Unit filename="SearchSeq.c">
			<Option compilerVar="CC" />
		</Unit>
		<Unit filename="SelectSort.c">
			<Option compilerVar="CC" />
		</Unit>
		<Unit filename="ShellInsert.c">
			<Option compilerVar="CC" />
		</Unit>
		<Unit filename="Value.c">
			<Option compilerVar="CC" />
		</Unit>
		<Unit filename="conver.c">
			<Option compilerVar="CC" />
		</Unit>
		<Unit filename="directOrder.c">
			<Option compilerVar="CC" />
		</Unit>
		<Unit filename="main.c">
			<Option compilerVar="CC" />
		</Unit>
		<Unit filename="queue.c">
			<Option compilerVar="CC" />
		</Unit>
		<Unit filename="sfile.h">
			<Option target="&lt;{~None~}&gt;" />
		</Unit>
		<Unit filename="stack.c">
			<Option compilerVar="CC" />
		</Unit>
		<Unit filename="test.c">
			<Option compilerVar="CC" />
		</Unit>
		<Extensions>
			<lib_finder disable_auto="1" />
		</Extensions>
	</Project>
</CodeBlocks_project_file>
